
Microsoft Visual Studio Solution File, Format Version 12.00
# Visual Studio Version 17
VisualStudioVersion = 17.11.35312.102
MinimumVisualStudioVersion = 10.0.40219.1
Project("{FAE04EC0-301F-11D3-BF4B-00C04F79EFBC}") = "CaesarCihper", "CaesarCihper\CaesarCihper.csproj", "{7F5DF3B5-4D42-4AA0-B807-F5D85C8A8DCC}"
EndProject
Global
	GlobalSection(SolutionConfigurationPlatforms) = preSolution
		Debug|Any CPU = Debug|Any CPU
		Release|Any CPU = Release|Any CPU
	EndGlobalSection
	GlobalSection(ProjectConfigurationPlatforms) = postSolution
		{7F5DF3B5-4D42-4AA0-B807-F5D85C8A8DCC}.Debug|Any CPU.ActiveCfg = Debug|Any CPU
		{7F5DF3B5-4D42-4AA0-B807-F5D85C8A8DCC}.Debug|Any CPU.Build.0 = Debug|Any CPU
		{7F5DF3B5-4D42-4AA0-B807-F5D85C8A8DCC}.Release|Any CPU.ActiveCfg = Release|Any CPU
		{7F5DF3B5-4D42-4AA0-B807-F5D85C8A8DCC}.Release|Any CPU.Build.0 = Release|Any CPU
	EndGlobalSection
	GlobalSection(SolutionProperties) = preSolution
		HideSolutionNode = FALSE
	EndGlobalSection
	GlobalSection(ExtensibilityGlobals) = postSolution
		SolutionGuid = {BDF8734D-A3DF-485B-849D-CFDCCBC5D72C}
	EndGlobalSection
EndGlobal
